
Microsoft Visual Studio Solution File, Format Version 12.00
# Visual Studio 15
VisualStudioVersion = 15.0.28307.1831
MinimumVisualStudioVersion = 10.0.40219.1
Project("{FAE04EC0-301F-11D3-BF4B-00C04F79EFBC}") = "MaasHesaplama_Dll", "MaasHesaplama_Dll\MaasHesaplama_Dll.csproj", "{C53A11FA-3D61-4DA0-B4E9-43E0F64C7E25}"
EndProject
Global
	GlobalSection(SolutionConfigurationPlatforms) = preSolution
		Debug|Any CPU = Debug|Any CPU
		Release|Any CPU = Release|Any CPU
	EndGlobalSection
	GlobalSection(ProjectConfigurationPlatforms) = postSolution
		{C53A11FA-3D61-4DA0-B4E9-43E0F64C7E25}.Debug|Any CPU.ActiveCfg = Debug|Any CPU
		{C53A11FA-3D61-4DA0-B4E9-43E0F64C7E25}.Debug|Any CPU.Build.0 = Debug|Any CPU
		{C53A11FA-3D61-4DA0-B4E9-43E0F64C7E25}.Release|Any CPU.ActiveCfg = Release|Any CPU
		{C53A11FA-3D61-4DA0-B4E9-43E0F64C7E25}.Release|Any CPU.Build.0 = Release|Any CPU
	EndGlobalSection
	GlobalSection(SolutionProperties) = preSolution
		HideSolutionNode = FALSE
	EndGlobalSection
	GlobalSection(ExtensibilityGlobals) = postSolution
		SolutionGuid = {4028B4B6-29E2-4D34-AE61-010FBA04DEA3}
	EndGlobalSection
EndGlobal
